
Microsoft Visual Studio Solution File, Format Version 12.00
# Visual Studio 15
VisualStudioVersion = 15.0.28307.136
MinimumVisualStudioVersion = 10.0.40219.1
Project("{9A19103F-16F7-4668-BE54-9A1E7A4F7556}") = "FantasyLeague.Models", "FantasyLeague.Models\FantasyLeague.Models.csproj", "{DBD1F64C-9CEF-495E-9516-5AB5E5A435A8}"
EndProject
Project("{9A19103F-16F7-4668-BE54-9A1E7A4F7556}") = "FantasyLeague.Data", "FantasyLeague.Data\FantasyLeague.Data.csproj", "{65C3C029-E108-4232-96BA-614A08EC65F3}"
EndProject
Project("{9A19103F-16F7-4668-BE54-9A1E7A4F7556}") = "FantasyLeague.Services", "FantasyLeague.Services\FantasyLeague.Services.csproj", "{36C06F20-C310-4EC8-96B0-C6C2312F06F8}"
EndProject
Project("{9A19103F-16F7-4668-BE54-9A1E7A4F7556}") = "FantasyLeague.Web", "FantasyLeague.Web\FantasyLeague.Web.csproj", "{7EBD5064-B5DE-4095-A7B2-EC501C7F552C}"
EndProject
Project("{9A19103F-16F7-4668-BE54-9A1E7A4F7556}") = "FantasyLeague.Common", "FantasyLeague.Common\FantasyLeague.Common.csproj", "{309E25AD-C435-459B-8201-C35943BA2CA9}"
EndProject
Project("{9A19103F-16F7-4668-BE54-9A1E7A4F7556}") = "FantasyLeague.ViewModels", "FantasyLeague.ViewModels\FantasyLeague.ViewModels.csproj", "{08885EEB-5373-4E80-9BE6-67BC0ADF3D7F}"
EndProject
Project("{9A19103F-16F7-4668-BE54-9A1E7A4F7556}") = "FantasyLeague.Generators", "FantasyLeague.Generators\FantasyLeague.Generators.csproj", "{09028220-784D-463A-BFBA-1926EE416CD1}"
EndProject
Project("{9A19103F-16F7-4668-BE54-9A1E7A4F7556}") = "FantasyLeague.Services.Tests", "FantasyLeague.Services.Tests\FantasyLeague.Services.Tests.csproj", "{38985966-182F-4B3E-B50D-10E54914A1CE}"
EndProject
Global
	GlobalSection(SolutionConfigurationPlatforms) = preSolution
		Debug|Any CPU = Debug|Any CPU
		Release|Any CPU = Release|Any CPU
	EndGlobalSection
	GlobalSection(ProjectConfigurationPlatforms) = postSolution
		{DBD1F64C-9CEF-495E-9516-5AB5E5A435A8}.Debug|Any CPU.ActiveCfg = Debug|Any CPU
		{DBD1F64C-9CEF-495E-9516-5AB5E5A435A8}.Debug|Any CPU.Build.0 = Debug|Any CPU
		{DBD1F64C-9CEF-495E-9516-5AB5E5A435A8}.Release|Any CPU.ActiveCfg = Release|Any CPU
		{DBD1F64C-9CEF-495E-9516-5AB5E5A435A8}.Release|Any CPU.Build.0 = Release|Any CPU
		{65C3C029-E108-4232-96BA-614A08EC65F3}.Debug|Any CPU.ActiveCfg = Debug|Any CPU
		{65C3C029-E108-4232-96BA-614A08EC65F3}.Debug|Any CPU.Build.0 = Debug|Any CPU
		{65C3C029-E108-4232-96BA-614A08EC65F3}.Release|Any CPU.ActiveCfg = Release|Any CPU
		{65C3C029-E108-4232-96BA-614A08EC65F3}.Release|Any CPU.Build.0 = Release|Any CPU
		{36C06F20-C310-4EC8-96B0-C6C2312F06F8}.Debug|Any CPU.ActiveCfg = Debug|Any CPU
		{36C06F20-C310-4EC8-96B0-C6C2312F06F8}.Debug|Any CPU.Build.0 = Debug|Any CPU
		{36C06F20-C310-4EC8-96B0-C6C2312F06F8}.Release|Any CPU.ActiveCfg = Release|Any CPU
		{36C06F20-C310-4EC8-96B0-C6C2312F06F8}.Release|Any CPU.Build.0 = Release|Any CPU
		{7EBD5064-B5DE-4095-A7B2-EC501C7F552C}.Debug|Any CPU.ActiveCfg = Debug|Any CPU
		{7EBD5064-B5DE-4095-A7B2-EC501C7F552C}.Debug|Any CPU.Build.0 = Debug|Any CPU
		{7EBD5064-B5DE-4095-A7B2-EC501C7F552C}.Release|Any CPU.ActiveCfg = Release|Any CPU
		{7EBD5064-B5DE-4095-A7B2-EC501C7F552C}.Release|Any CPU.Build.0 = Release|Any CPU
		{309E25AD-C435-459B-8201-C35943BA2CA9}.Debug|Any CPU.ActiveCfg = Debug|Any CPU
		{309E25AD-C435-459B-8201-C35943BA2CA9}.Debug|Any CPU.Build.0 = Debug|Any CPU
		{309E25AD-C435-459B-8201-C35943BA2CA9}.Release|Any CPU.ActiveCfg = Release|Any CPU
		{309E25AD-C435-459B-8201-C35943BA2CA9}.Release|Any CPU.Build.0 = Release|Any CPU
		{08885EEB-5373-4E80-9BE6-67BC0ADF3D7F}.Debug|Any CPU.ActiveCfg = Debug|Any CPU
		{08885EEB-5373-4E80-9BE6-67BC0ADF3D7F}.Debug|Any CPU.Build.0 = Debug|Any CPU
		{08885EEB-5373-4E80-9BE6-67BC0ADF3D7F}.Release|Any CPU.ActiveCfg = Release|Any CPU
		{08885EEB-5373-4E80-9BE6-67BC0ADF3D7F}.Release|Any CPU.Build.0 = Release|Any CPU
		{09028220-784D-463A-BFBA-1926EE416CD1}.Debug|Any CPU.ActiveCfg = Debug|Any CPU
		{09028220-784D-463A-BFBA-1926EE416CD1}.Debug|Any CPU.Build.0 = Debug|Any CPU
		{09028220-784D-463A-BFBA-1926EE416CD1}.Release|Any CPU.ActiveCfg = Release|Any CPU
		{09028220-784D-463A-BFBA-1926EE416CD1}.Release|Any CPU.Build.0 = Release|Any CPU
		{38985966-182F-4B3E-B50D-10E54914A1CE}.Debug|Any CPU.ActiveCfg = Debug|Any CPU
		{38985966-182F-4B3E-B50D-10E54914A1CE}.Debug|Any CPU.Build.0 = Debug|Any CPU
		{38985966-182F-4B3E-B50D-10E54914A1CE}.Release|Any CPU.ActiveCfg = Release|Any CPU
		{38985966-182F-4B3E-B50D-10E54914A1CE}.Release|Any CPU.Build.0 = Release|Any CPU
	EndGlobalSection
	GlobalSection(SolutionProperties) = preSolution
		HideSolutionNode = FALSE
	EndGlobalSection
	GlobalSection(ExtensibilityGlobals) = postSolution
		SolutionGuid = {CC47E485-D30A-4CAD-861D-5BAF1AEF3200}
	EndGlobalSection
EndGlobal
